
Microsoft Visual Studio Solution File, Format Version 12.00
# Visual Studio Version 17
VisualStudioVersion = 17.3.32922.545
MinimumVisualStudioVersion = 10.0.40219.1
Project("{FAE04EC0-301F-11D3-BF4B-00C04F79EFBC}") = "TaskBoardApp", "TaskBoardApp\TaskBoardApp.csproj", "{0DE7A39A-CCA8-4F05-AA85-129BDA043A2B}"
	ProjectSection(ProjectDependencies) = postProject
		{972D45A6-70FE-4054-AE98-609C6AFA80FC} = {972D45A6-70FE-4054-AE98-609C6AFA80FC}
	EndProjectSection
EndProject
Project("{FAE04EC0-301F-11D3-BF4B-00C04F79EFBC}") = "TaskBoardApp.Core", "TaskBoardApp.Core\TaskBoardApp.Core.csproj", "{972D45A6-70FE-4054-AE98-609C6AFA80FC}"
EndProject
Global
	GlobalSection(SolutionConfigurationPlatforms) = preSolution
		Debug|Any CPU = Debug|Any CPU
		Release|Any CPU = Release|Any CPU
	EndGlobalSection
	GlobalSection(ProjectConfigurationPlatforms) = postSolution
		{0DE7A39A-CCA8-4F05-AA85-129BDA043A2B}.Debug|Any CPU.ActiveCfg = Debug|Any CPU
		{0DE7A39A-CCA8-4F05-AA85-129BDA043A2B}.Debug|Any CPU.Build.0 = Debug|Any CPU
		{0DE7A39A-CCA8-4F05-AA85-129BDA043A2B}.Release|Any CPU.ActiveCfg = Release|Any CPU
		{0DE7A39A-CCA8-4F05-AA85-129BDA043A2B}.Release|Any CPU.Build.0 = Release|Any CPU
		{972D45A6-70FE-4054-AE98-609C6AFA80FC}.Debug|Any CPU.ActiveCfg = Debug|Any CPU
		{972D45A6-70FE-4054-AE98-609C6AFA80FC}.Debug|Any CPU.Build.0 = Debug|Any CPU
		{972D45A6-70FE-4054-AE98-609C6AFA80FC}.Release|Any CPU.ActiveCfg = Release|Any CPU
		{972D45A6-70FE-4054-AE98-609C6AFA80FC}.Release|Any CPU.Build.0 = Release|Any CPU
	EndGlobalSection
	GlobalSection(SolutionProperties) = preSolution
		HideSolutionNode = FALSE
	EndGlobalSection
	GlobalSection(ExtensibilityGlobals) = postSolution
		SolutionGuid = {4FAA9CD3-875D-42EA-BD92-B0C5D279CED9}
	EndGlobalSection
EndGlobal
